
Microsoft Visual Studio Solution File, Format Version 11.00
# Visual Studio 2010
Project("{F184B08F-C81C-45F6-A57F-5ABD9991F28F}") = "SortArrayDemo", "SortArrayDemo\SortArrayDemo.vbproj", "{7C81F5C4-9CBD-444F-B94C-F271E2EE1CE9}"
EndProject
Global
	GlobalSection(SolutionConfigurationPlatforms) = preSolution
		Debug|x86 = Debug|x86
		Release|x86 = Release|x86
	EndGlobalSection
	GlobalSection(ProjectConfigurationPlatforms) = postSolution
		{7C81F5C4-9CBD-444F-B94C-F271E2EE1CE9}.Debug|x86.ActiveCfg = Debug|x86
		{7C81F5C4-9CBD-444F-B94C-F271E2EE1CE9}.Debug|x86.Build.0 = Debug|x86
		{7C81F5C4-9CBD-444F-B94C-F271E2EE1CE9}.Release|x86.ActiveCfg = Release|x86
		{7C81F5C4-9CBD-444F-B94C-F271E2EE1CE9}.Release|x86.Build.0 = Release|x86
	EndGlobalSection
	GlobalSection(SolutionProperties) = preSolution
		HideSolutionNode = FALSE
	EndGlobalSection
EndGlobal
